// !$*UTF8*$!
{
	archiveVersion = 1;
	classes = {
	};
	objectVersion = 52;
	objects = {

/* Begin PBXBuildFile section */
		B346090C236CADEB00CB11BD /* SWRevealViewController.m in Sources */ = {isa = PBXBuildFile; fileRef = B346090B236CADEB00CB11BD /* SWRevealViewController.m */; };
		B3EA9A4A236CA008003FCF90 /* AppDelegate.swift in Sources */ = {isa = PBXBuildFile; fileRef = B3EA9A49236CA008003FCF90 /* AppDelegate.swift */; };
		B3EA9A4C236CA008003FCF90 /* SceneDelegate.swift in Sources */ = {isa = PBXBuildFile; fileRef = B3EA9A4B236CA008003FCF90 /* SceneDelegate.swift */; };
		B3EA9A4E236CA008003FCF90 /* ViewController.swift in Sources */ = {isa = PBXBuildFile; fileRef = B3EA9A4D236CA008003FCF90 /* ViewController.swift */; };
		B3EA9A51236CA008003FCF90 /* Main.storyboard in Resources */ = {isa = PBXBuildFile; fileRef = B3EA9A4F236CA008003FCF90 /* Main.storyboard */; };
		B3EA9A53236CA00B003FCF90 /* Assets.xcassets in Resources */ = {isa = PBXBuildFile; fileRef = B3EA9A52236CA00B003FCF90 /* Assets.xcassets */; };
		B3EA9A56236CA00B003FCF90 /* LaunchScreen.storyboard in Resources */ = {isa = PBXBuildFile; fileRef = B3EA9A54236CA00B003FCF90 /* LaunchScreen.storyboard */; };
		B3EA9A60236CA72A003FCF90 /* Alamofire in Frameworks */ = {isa = PBXBuildFile; productRef = B3EA9A5F236CA72A003FCF90 /* Alamofire */; };
		B3EA9A63236CA764003FCF90 /* SwiftyJSON in Frameworks */ = {isa = PBXBuildFile; productRef = B3EA9A62236CA764003FCF90 /* SwiftyJSON */; };
		B3EA9A66236CA7CB003FCF90 /* SocketIO in Frameworks */ = {isa = PBXBuildFile; productRef = B3EA9A65236CA7CB003FCF90 /* SocketIO */; };
/* End PBXBuildFile section */

/* Begin PBXFileReference section */
		B3460909236CADEB00CB11BD /* Chatty-Bridging-Header.h */ = {isa = PBXFileReference; lastKnownFileType = file; path = "Chatty-Bridging-Header.h"; sourceTree = "<group>"; };
		B346090A236CADEB00CB11BD /* SWRevealViewController.h */ = {isa = PBXFileReference; fileEncoding = 4; lastKnownFileType = sourcecode.c.h; path = SWRevealViewController.h; sourceTree = "<group>"; };
		B346090B236CADEB00CB11BD /* SWRevealViewController.m */ = {isa = PBXFileReference; fileEncoding = 4; lastKnownFileType = sourcecode.c.objc; path = SWRevealViewController.m; sourceTree = "<group>"; };
		B3EA9A46236CA008003FCF90 /* Chatty.app */ = {isa = PBXFileReference; explicitFileType = wrapper.application; includeInIndex = 0; path = Chatty.app; sourceTree = BUILT_PRODUCTS_DIR; };
		B3EA9A49236CA008003FCF90 /* AppDelegate.swift */ = {isa = PBXFileReference; lastKnownFileType = sourcecode.swift; path = AppDelegate.swift; sourceTree = "<group>"; };
		B3EA9A4B236CA008003FCF90 /* SceneDelegate.swift */ = {isa = PBXFileReference; lastKnownFileType = sourcecode.swift; path = SceneDelegate.swift; sourceTree = "<group>"; };
		B3EA9A4D236CA008003FCF90 /* ViewController.swift */ = {isa = PBXFileReference; lastKnownFileType = sourcecode.swift; path = ViewController.swift; sourceTree = "<group>"; };
		B3EA9A50236CA008003FCF90 /* Base */ = {isa = PBXFileReference; lastKnownFileType = file.storyboard; name = Base; path = Base.lproj/Main.storyboard; sourceTree = "<group>"; };
		B3EA9A52236CA00B003FCF90 /* Assets.xcassets */ = {isa = PBXFileReference; lastKnownFileType = folder.assetcatalog; path = Assets.xcassets; sourceTree = "<group>"; };
		B3EA9A55236CA00B003FCF90 /* Base */ = {isa = PBXFileReference; lastKnownFileType = file.storyboard; name = Base; path = Base.lproj/LaunchScreen.storyboard; sourceTree = "<group>"; };
		B3EA9A57236CA00B003FCF90 /* Info.plist */ = {isa = PBXFileReference; lastKnownFileType = text.plist.xml; path = Info.plist; sourceTree = "<group>"; };
		B3EA9A5D236CA580003FCF90 /* Chatty.entitlements */ = {isa = PBXFileReference; lastKnownFileType = text.plist.entitlements; path = Chatty.entitlements; sourceTree = "<group>"; };
/* End PBXFileReference section */

/* Begin PBXFrameworksBuildPhase section */
		B3EA9A43236CA008003FCF90 /* Frameworks */ = {
			isa = PBXFrameworksBuildPhase;
			buildActionMask = 2147483647;
			files = (
				B3EA9A63236CA764003FCF90 /* SwiftyJSON in Frameworks */,
				B3EA9A60236CA72A003FCF90 /* Alamofire in Frameworks */,
				B3EA9A66236CA7CB003FCF90 /* SocketIO in Frameworks */,
			);
			runOnlyForDeploymentPostprocessing = 0;
		};
/* End PBXFrameworksBuildPhase section */

/* Begin PBXGroup section */
		B3460908236CADCE00CB11BD /* Supporting Files */ = {
			isa = PBXGroup;
			children = (
				B346090A236CADEB00CB11BD /* SWRevealViewController.h */,
				B346090B236CADEB00CB11BD /* SWRevealViewController.m */,
				B3460909236CADEB00CB11BD /* Chatty-Bridging-Header.h */,
			);
			path = "Supporting Files";
			sourceTree = "<group>";
		};
		B3EA9A3D236CA008003FCF90 = {
			isa = PBXGroup;
			children = (
				B3460908236CADCE00CB11BD /* Supporting Files */,
				B3EA9A48236CA008003FCF90 /* Chatty */,
				B3EA9A47236CA008003FCF90 /* Products */,
			);
			sourceTree = "<group>";
		};
		B3EA9A47236CA008003FCF90 /* Products */ = {
			isa = PBXGroup;
			children = (
				B3EA9A46236CA008003FCF90 /* Chatty.app */,
			);
			name = Products;
			sourceTree = "<group>";
		};
		B3EA9A48236CA008003FCF90 /* Chatty */ = {
			isa = PBXGroup;
			children = (
				B3EA9A5D236CA580003FCF90 /* Chatty.entitlements */,
				B3EA9A49236CA008003FCF90 /* AppDelegate.swift */,
				B3EA9A4B236CA008003FCF90 /* SceneDelegate.swift */,
				B3EA9A4D236CA008003FCF90 /* ViewController.swift */,
				B3EA9A4F236CA008003FCF90 /* Main.storyboard */,
				B3EA9A52236CA00B003FCF90 /* Assets.xcassets */,
				B3EA9A54236CA00B003FCF90 /* LaunchScreen.storyboard */,
				B3EA9A57236CA00B003FCF90 /* Info.plist */,
			);
			path = Chatty;
			sourceTree = "<group>";
		};
/* End PBXGroup section */

/* Begin PBXNativeTarget section */
		B3EA9A45236CA008003FCF90 /* Chatty */ = {
			isa = PBXNativeTarget;
			buildConfigurationList = B3EA9A5A236CA00B003FCF90 /* Build configuration list for PBXNativeTarget "Chatty" */;
			buildPhases = (
				B3EA9A42236CA008003FCF90 /* Sources */,
				B3EA9A43236CA008003FCF90 /* Frameworks */,
				B3EA9A44236CA008003FCF90 /* Resources */,
			);
			buildRules = (
			);
			dependencies = (
			);
			name = Chatty;
			packageProductDependencies = (
				B3EA9A5F236CA72A003FCF90 /* Alamofire */,
				B3EA9A62236CA764003FCF90 /* SwiftyJSON */,
				B3EA9A65236CA7CB003FCF90 /* SocketIO */,
			);
			productName = Chatty;
			productReference = B3EA9A46236CA008003FCF90 /* Chatty.app */;
			productType = "com.apple.product-type.application";
		};
/* End PBXNativeTarget section */

/* Begin PBXProject section */
		B3EA9A3E236CA008003FCF90 /* Project object */ = {
			isa = PBXProject;
			attributes = {
				LastSwiftUpdateCheck = 1110;
				LastUpgradeCheck = 1110;
				ORGANIZATIONNAME = "HARSHIT JINDAL";
				TargetAttributes = {
					B3EA9A45236CA008003FCF90 = {
						CreatedOnToolsVersion = 11.1;
						LastSwiftMigration = 1110;
					};
				};
			};
			buildConfigurationList = B3EA9A41236CA008003FCF90 /* Build configuration list for PBXProject "Chatty" */;
			compatibilityVersion = "Xcode 9.3";
			developmentRegion = en;
			hasScannedForEncodings = 0;
			knownRegions = (
				en,
				Base,
			);
			mainGroup = B3EA9A3D236CA008003FCF90;
			packageReferences = (
				B3EA9A5E236CA72A003FCF90 /* XCRemoteSwiftPackageReference "Alamofire" */,
				B3EA9A61236CA764003FCF90 /* XCRemoteSwiftPackageReference "SwiftyJSON" */,
				B3EA9A64236CA7CB003FCF90 /* XCRemoteSwiftPackageReference "socket.io-client-swift" */,
			);
			productRefGroup = B3EA9A47236CA008003FCF90 /* Products */;
			projectDirPath = "";
			projectRoot = "";
			targets = (
				B3EA9A45236CA008003FCF90 /* Chatty */,
			);
		};
/* End PBXProject section */

/* Begin PBXResourcesBuildPhase section */
		B3EA9A44236CA008003FCF90 /* Resources */ = {
			isa = PBXResourcesBuildPhase;
			buildActionMask = 2147483647;
			files = (
				B3EA9A56236CA00B003FCF90 /* LaunchScreen.storyboard in Resources */,
				B3EA9A53236CA00B003FCF90 /* Assets.xcassets in Resources */,
				B3EA9A51236CA008003FCF90 /* Main.storyboard in Resources */,
			);
			runOnlyForDeploymentPostprocessing = 0;
		};
/* End PBXResourcesBuildPhase section */

/* Begin PBXSourcesBuildPhase section */
		B3EA9A42236CA008003FCF90 /* Sources */ = {
			isa = PBXSourcesBuildPhase;
			buildActionMask = 2147483647;
			files = (
				B3EA9A4E236CA008003FCF90 /* ViewController.swift in Sources */,
				B3EA9A4A236CA008003FCF90 /* AppDelegate.swift in Sources */,
				B3EA9A4C236CA008003FCF90 /* SceneDelegate.swift in Sources */,
				B346090C236CADEB00CB11BD /* SWRevealViewController.m in Sources */,
			);
			runOnlyForDeploymentPostprocessing = 0;
		};
/* End PBXSourcesBuildPhase section */

/* Begin PBXVariantGroup section */
		B3EA9A4F236CA008003FCF90 /* Main.storyboard */ = {
			isa = PBXVariantGroup;
			children = (
				B3EA9A50236CA008003FCF90 /* Base */,
			);
			name = Main.storyboard;
			sourceTree = "<group>";
		};
		B3EA9A54236CA00B003FCF90 /* LaunchScreen.storyboard */ = {
			isa = PBXVariantGroup;
			children = (
				B3EA9A55236CA00B003FCF90 /* Base */,
			);
			name = LaunchScreen.storyboard;
			sourceTree = "<group>";
		};
/* End PBXVariantGroup section */

/* Begin XCBuildConfiguration section */
		B3EA9A58236CA00B003FCF90 /* Debug */ = {
			isa = XCBuildConfiguration;
			buildSettings = {
				ALWAYS_SEARCH_USER_PATHS = NO;
				CLANG_ANALYZER_NONNULL = YES;
				CLANG_ANALYZER_NUMBER_OBJECT_CONVERSION = YES_AGGRESSIVE;
				CLANG_CXX_LANGUAGE_STANDARD = "gnu++14";
				CLANG_CXX_LIBRARY = "libc++";
				CLANG_ENABLE_MODULES = YES;
				CLANG_ENABLE_OBJC_ARC = YES;
				CLANG_ENABLE_OBJC_WEAK = YES;
				CLANG_WARN_BLOCK_CAPTURE_AUTORELEASING = YES;
				CLANG_WARN_BOOL_CONVERSION = YES;
				CLANG_WARN_COMMA = YES;
				CLANG_WARN_CONSTANT_CONVERSION = YES;
				CLANG_WARN_DEPRECATED_OBJC_IMPLEMENTATIONS = YES;
				CLANG_WARN_DIRECT_OBJC_ISA_USAGE = YES_ERROR;
				CLANG_WARN_DOCUMENTATION_COMMENTS = YES;
				CLANG_WARN_EMPTY_BODY = YES;
				CLANG_WARN_ENUM_CONVERSION = YES;
				CLANG_WARN_INFINITE_RECURSION = YES;
				CLANG_WARN_INT_CONVERSION = YES;
				CLANG_WARN_NON_LITERAL_NULL_CONVERSION = YES;
				CLANG_WARN_OBJC_IMPLICIT_RETAIN_SELF = YES;
				CLANG_WARN_OBJC_LITERAL_CONVERSION = YES;
				CLANG_WARN_OBJC_ROOT_CLASS = YES_ERROR;
				CLANG_WARN_RANGE_LOOP_ANALYSIS = YES;
				CLANG_WARN_STRICT_PROTOTYPES = YES;
				CLANG_WARN_SUSPICIOUS_MOVE = YES;
				CLANG_WARN_UNGUARDED_AVAILABILITY = YES_AGGRESSIVE;
				CLANG_WARN_UNREACHABLE_CODE = YES;
				CLANG_WARN__DUPLICATE_METHOD_MATCH = YES;
				COPY_PHASE_STRIP = NO;
				DEBUG_INFORMATION_FORMAT = dwarf;
				ENABLE_STRICT_OBJC_MSGSEND = YES;
				ENABLE_TESTABILITY = YES;
				GCC_C_LANGUAGE_STANDARD = gnu11;
				GCC_DYNAMIC_NO_PIC = NO;
				GCC_NO_COMMON_BLOCKS = YES;
				GCC_OPTIMIZATION_LEVEL = 0;
				GCC_PREPROCESSOR_DEFINITIONS = (
					"DEBUG=1",
					"$(inherited)",
				);
				GCC_WARN_64_TO_32_BIT_CONVERSION = YES;
				GCC_WARN_ABOUT_RETURN_TYPE = YES_ERROR;
				GCC_WARN_UNDECLARED_SELECTOR = YES;
				GCC_WARN_UNINITIALIZED_AUTOS = YES_AGGRESSIVE;
				GCC_WARN_UNUSED_FUNCTION = YES;
				GCC_WARN_UNUSED_VARIABLE = YES;
				IPHONEOS_DEPLOYMENT_TARGET = 13.0;
				MTL_ENABLE_DEBUG_INFO = INCLUDE_SOURCE;
				MTL_FAST_MATH = YES;
				ONLY_ACTIVE_ARCH = YES;
				SDKROOT = iphoneos;
				SWIFT_ACTIVE_COMPILATION_CONDITIONS = DEBUG;
				SWIFT_OPTIMIZATION_LEVEL = "-Onone";
			};
			name = Debug;
		};
		B3EA9A59236CA00B003FCF90 /* Release */ = {
			isa = XCBuildConfiguration;
			buildSettings = {
				ALWAYS_SEARCH_USER_PATHS = NO;
				CLANG_ANALYZER_NONNULL = YES;
				CLANG_ANALYZER_NUMBER_OBJECT_CONVERSION = YES_AGGRESSIVE;
				CLANG_CXX_LANGUAGE_STANDARD = "gnu++14";
				CLANG_CXX_LIBRARY = "libc++";
				CLANG_ENABLE_MODULES = YES;
				CLANG_ENABLE_OBJC_ARC = YES;
				CLANG_ENABLE_OBJC_WEAK = YES;
				CLANG_WARN_BLOCK_CAPTURE_AUTORELEASING = YES;
				CLANG_WARN_BOOL_CONVERSION = YES;
				CLANG_WARN_COMMA = YES;
				CLANG_WARN_CONSTANT_CONVERSION = YES;
				CLANG_WARN_DEPRECATED_OBJC_IMPLEMENTATIONS = YES;
				CLANG_WARN_DIRECT_OBJC_ISA_USAGE = YES_ERROR;
				CLANG_WARN_DOCUMENTATION_COMMENTS = YES;
				CLANG_WARN_EMPTY_BODY = YES;
				CLANG_WARN_ENUM_CONVERSION = YES;
				CLANG_WARN_INFINITE_RECURSION = YES;
				CLANG_WARN_INT_CONVERSION = YES;
				CLANG_WARN_NON_LITERAL_NULL_CONVERSION = YES;
				CLANG_WARN_OBJC_IMPLICIT_RETAIN_SELF = YES;
				CLANG_WARN_OBJC_LITERAL_CONVERSION = YES;
				CLANG_WARN_OBJC_ROOT_CLASS = YES_ERROR;
				CLANG_WARN_RANGE_LOOP_ANALYSIS = YES;
				CLANG_WARN_STRICT_PROTOTYPES = YES;
				CLANG_WARN_SUSPICIOUS_MOVE = YES;
				CLANG_WARN_UNGUARDED_AVAILABILITY = YES_AGGRESSIVE;
				CLANG_WARN_UNREACHABLE_CODE = YES;
				CLANG_WARN__DUPLICATE_METHOD_MATCH = YES;
				COPY_PHASE_STRIP = NO;
				DEBUG_INFORMATION_FORMAT = "dwarf-with-dsym";
				ENABLE_NS_ASSERTIONS = NO;
				ENABLE_STRICT_OBJC_MSGSEND = YES;
				GCC_C_LANGUAGE_STANDARD = gnu11;
				GCC_NO_COMMON_BLOCKS = YES;
				GCC_WARN_64_TO_32_BIT_CONVERSION = YES;
				GCC_WARN_ABOUT_RETURN_TYPE = YES_ERROR;
				GCC_WARN_UNDECLARED_SELECTOR = YES;
				GCC_WARN_UNINITIALIZED_AUTOS = YES_AGGRESSIVE;
				GCC_WARN_UNUSED_FUNCTION = YES;
				GCC_WARN_UNUSED_VARIABLE = YES;
				IPHONEOS_DEPLOYMENT_TARGET = 13.0;
				MTL_ENABLE_DEBUG_INFO = NO;
				MTL_FAST_MATH = YES;
				SDKROOT = iphoneos;
				SWIFT_COMPILATION_MODE = wholemodule;
				SWIFT_OPTIMIZATION_LEVEL = "-O";
				VALIDATE_PRODUCT = YES;
			};
			name = Release;
		};
		B3EA9A5B236CA00B003FCF90 /* Debug */ = {
			isa = XCBuildConfiguration;
			buildSettings = {
				ASSETCATALOG_COMPILER_APPICON_NAME = AppIcon;
				CLANG_ENABLE_MODULES = YES;
				CODE_SIGN_ENTITLEMENTS = Chatty/Chatty.entitlements;
				CODE_SIGN_STYLE = Automatic;
				DERIVE_MACCATALYST_PRODUCT_BUNDLE_IDENTIFIER = YES;
				DEVELOPMENT_TEAM = P3ZEN42ERU;
				INFOPLIST_FILE = Chatty/Info.plist;
				IPHONEOS_DEPLOYMENT_TARGET = 13.0;
				LD_RUNPATH_SEARCH_PATHS = (
					"$(inherited)",
					"@executable_path/Frameworks",
				);
				PRODUCT_BUNDLE_IDENTIFIER = com.particleq.Chatty;
				PRODUCT_NAME = "$(TARGET_NAME)";
				SUPPORTS_MACCATALYST = YES;
				SWIFT_OBJC_BRIDGING_HEADER = "Supporting Files/Chatty-Bridging-Header.h";
				SWIFT_OPTIMIZATION_LEVEL = "-Onone";
				SWIFT_VERSION = 5.0;
				TARGETED_DEVICE_FAMILY = "1,2";
			};
			name = Debug;
		};
		B3EA9A5C236CA00B003FCF90 /* Release */ = {
			isa = XCBuildConfiguration;
			buildSettings = {
				ASSETCATALOG_COMPILER_APPICON_NAME = AppIcon;
				CLANG_ENABLE_MODULES = YES;
				CODE_SIGN_ENTITLEMENTS = Chatty/Chatty.entitlements;
				CODE_SIGN_STYLE = Automatic;
				DERIVE_MACCATALYST_PRODUCT_BUNDLE_IDENTIFIER = YES;
				DEVELOPMENT_TEAM = P3ZEN42ERU;
				INFOPLIST_FILE = Chatty/Info.plist;
				IPHONEOS_DEPLOYMENT_TARGET = 13.0;
				LD_RUNPATH_SEARCH_PATHS = (
					"$(inherited)",
					"@executable_path/Frameworks",
				);
				PRODUCT_BUNDLE_IDENTIFIER = com.particleq.Chatty;
				PRODUCT_NAME = "$(TARGET_NAME)";
				SUPPORTS_MACCATALYST = YES;
				SWIFT_OBJC_BRIDGING_HEADER = "Supporting Files/Chatty-Bridging-Header.h";
				SWIFT_VERSION = 5.0;
				TARGETED_DEVICE_FAMILY = "1,2";
			};
			name = Release;
		};
/* End XCBuildConfiguration section */

/* Begin XCConfigurationList section */
		B3EA9A41236CA008003FCF90 /* Build configuration list for PBXProject "Chatty" */ = {
			isa = XCConfigurationList;
			buildConfigurations = (
				B3EA9A58236CA00B003FCF90 /* Debug */,
				B3EA9A59236CA00B003FCF90 /* Release */,
			);
			defaultConfigurationIsVisible = 0;
			defaultConfigurationName = Release;
		};
		B3EA9A5A236CA00B003FCF90 /* Build configuration list for PBXNativeTarget "Chatty" */ = {
			isa = XCConfigurationList;
			buildConfigurations = (
				B3EA9A5B236CA00B003FCF90 /* Debug */,
				B3EA9A5C236CA00B003FCF90 /* Release */,
			);
			defaultConfigurationIsVisible = 0;
			defaultConfigurationName = Release;
		};
/* End XCConfigurationList section */

/* Begin XCRemoteSwiftPackageReference section */
		B3EA9A5E236CA72A003FCF90 /* XCRemoteSwiftPackageReference "Alamofire" */ = {
			isa = XCRemoteSwiftPackageReference;
			repositoryURL = "https://github.com/Alamofire/Alamofire.git";
			requirement = {
				kind = upToNextMajorVersion;
				minimumVersion = 4.9.1;
			};
		};
		B3EA9A61236CA764003FCF90 /* XCRemoteSwiftPackageReference "SwiftyJSON" */ = {
			isa = XCRemoteSwiftPackageReference;
			repositoryURL = "https://github.com/SwiftyJSON/SwiftyJSON.git";
			requirement = {
				kind = upToNextMajorVersion;
				minimumVersion = 5.0.0;
			};
		};
		B3EA9A64236CA7CB003FCF90 /* XCRemoteSwiftPackageReference "socket.io-client-swift" */ = {
			isa = XCRemoteSwiftPackageReference;
			repositoryURL = "https://github.com/socketio/socket.io-client-swift.git";
			requirement = {
				kind = upToNextMajorVersion;
				minimumVersion = 15.2.0;
			};
		};
/* End XCRemoteSwiftPackageReference section */

/* Begin XCSwiftPackageProductDependency section */
		B3EA9A5F236CA72A003FCF90 /* Alamofire */ = {
			isa = XCSwiftPackageProductDependency;
			package = B3EA9A5E236CA72A003FCF90 /* XCRemoteSwiftPackageReference "Alamofire" */;
			productName = Alamofire;
		};
		B3EA9A62236CA764003FCF90 /* SwiftyJSON */ = {
			isa = XCSwiftPackageProductDependency;
			package = B3EA9A61236CA764003FCF90 /* XCRemoteSwiftPackageReference "SwiftyJSON" */;
			productName = SwiftyJSON;
		};
		B3EA9A65236CA7CB003FCF90 /* SocketIO */ = {
			isa = XCSwiftPackageProductDependency;
			package = B3EA9A64236CA7CB003FCF90 /* XCRemoteSwiftPackageReference "socket.io-client-swift" */;
			productName = SocketIO;
		};
/* End XCSwiftPackageProductDependency section */
	};
	rootObject = B3EA9A3E236CA008003FCF90 /* Project object */;
}
